# THIS IS AN AUTOGENERATED FILE. DO NOT EDIT THIS FILE DIRECTLY.
# yarn lockfile v1


lucide-react-native@^0.453.0:
  version "0.453.0"
  resolved "https://registry.yarnpkg.com/lucide-react-native/-/lucide-react-native-0.453.0.tgz#c93d511465f8edd0c559d7660516bc67d43c5231"
  integrity sha512-pVeIjJUcRXL3362FfgIGd4IXyX+Ojj3s/cfDRTbpVGjkWnoFyMmvka9N7dbqmNJ08Yu3YzMHrrd7z1pvKeMWPA==
